# THIS IS AN AUTOGENERATED FILE. DO NOT EDIT THIS FILE DIRECTLY.
# yarn lockfile v1


spotify-web-api-js@^1.4.0:
  version "1.4.0"
  resolved "https://registry.yarnpkg.com/spotify-web-api-js/-/spotify-web-api-js-1.4.0.tgz#19572d6c9793945b5ac0529fc549910aa41e7245"
  integrity sha512-7CZrV255H0/VX82jtsH8oAJHiPwqhFlJOrmsuPxUHL8iqWZJaEw59rBowThwWM0XCfpGXohXeTZjz2PvqF6TmQ==
